
Microsoft Visual Studio Solution File, Format Version 12.00
# Visual Studio Version 17
VisualStudioVersion = 17.7.34221.43
MinimumVisualStudioVersion = 10.0.40219.1
Project("{FAE04EC0-301F-11D3-BF4B-00C04F79EFBC}") = "GLCDToolsKit", "GLCDToolsKit\GLCDToolsKit.csproj", "{20D6CE93-7E62-4127-9C9C-31F946FAEF8F}"
	ProjectSection(ProjectDependencies) = postProject
		{5C6DA683-466B-4328-A12E-AA20DC9AB873} = {5C6DA683-466B-4328-A12E-AA20DC9AB873}
	EndProjectSection
EndProject
Project("{FAE04EC0-301F-11D3-BF4B-00C04F79EFBC}") = "GfxLib", "Graphics\GfxLib.csproj", "{5C6DA683-466B-4328-A12E-AA20DC9AB873}"
EndProject
Global
	GlobalSection(SolutionConfigurationPlatforms) = preSolution
		Debug|Any CPU = Debug|Any CPU
		Debug|x64 = Debug|x64
		Debug|x86 = Debug|x86
		Release|Any CPU = Release|Any CPU
		Release|x64 = Release|x64
		Release|x86 = Release|x86
	EndGlobalSection
	GlobalSection(ProjectConfigurationPlatforms) = postSolution
		{20D6CE93-7E62-4127-9C9C-31F946FAEF8F}.Debug|Any CPU.ActiveCfg = Debug|x64
		{20D6CE93-7E62-4127-9C9C-31F946FAEF8F}.Debug|Any CPU.Build.0 = Debug|x64
		{20D6CE93-7E62-4127-9C9C-31F946FAEF8F}.Debug|x64.ActiveCfg = Debug|Any CPU
		{20D6CE93-7E62-4127-9C9C-31F946FAEF8F}.Debug|x64.Build.0 = Debug|Any CPU
		{20D6CE93-7E62-4127-9C9C-31F946FAEF8F}.Debug|x86.ActiveCfg = Debug|x86
		{20D6CE93-7E62-4127-9C9C-31F946FAEF8F}.Debug|x86.Build.0 = Debug|x86
		{20D6CE93-7E62-4127-9C9C-31F946FAEF8F}.Release|Any CPU.ActiveCfg = Release|x86
		{20D6CE93-7E62-4127-9C9C-31F946FAEF8F}.Release|x64.ActiveCfg = Release|x64
		{20D6CE93-7E62-4127-9C9C-31F946FAEF8F}.Release|x64.Build.0 = Release|x64
		{20D6CE93-7E62-4127-9C9C-31F946FAEF8F}.Release|x86.ActiveCfg = Release|x86
		{20D6CE93-7E62-4127-9C9C-31F946FAEF8F}.Release|x86.Build.0 = Release|x86
		{5C6DA683-466B-4328-A12E-AA20DC9AB873}.Debug|Any CPU.ActiveCfg = Debug|Any CPU
		{5C6DA683-466B-4328-A12E-AA20DC9AB873}.Debug|Any CPU.Build.0 = Debug|Any CPU
		{5C6DA683-466B-4328-A12E-AA20DC9AB873}.Debug|x64.ActiveCfg = Debug|Any CPU
		{5C6DA683-466B-4328-A12E-AA20DC9AB873}.Debug|x64.Build.0 = Debug|Any CPU
		{5C6DA683-466B-4328-A12E-AA20DC9AB873}.Debug|x86.ActiveCfg = Debug|Any CPU
		{5C6DA683-466B-4328-A12E-AA20DC9AB873}.Debug|x86.Build.0 = Debug|Any CPU
		{5C6DA683-466B-4328-A12E-AA20DC9AB873}.Release|Any CPU.ActiveCfg = Release|Any CPU
		{5C6DA683-466B-4328-A12E-AA20DC9AB873}.Release|Any CPU.Build.0 = Release|Any CPU
		{5C6DA683-466B-4328-A12E-AA20DC9AB873}.Release|x64.ActiveCfg = Release|Any CPU
		{5C6DA683-466B-4328-A12E-AA20DC9AB873}.Release|x64.Build.0 = Release|Any CPU
		{5C6DA683-466B-4328-A12E-AA20DC9AB873}.Release|x86.ActiveCfg = Release|Any CPU
		{5C6DA683-466B-4328-A12E-AA20DC9AB873}.Release|x86.Build.0 = Release|Any CPU
	EndGlobalSection
	GlobalSection(SolutionProperties) = preSolution
		HideSolutionNode = FALSE
	EndGlobalSection
	GlobalSection(ExtensibilityGlobals) = postSolution
		SolutionGuid = {4C9E9834-D562-49AB-8611-1112A91BC72E}
	EndGlobalSection
EndGlobal
